
Microsoft Visual Studio Solution File, Format Version 12.00
# Visual Studio Version 16
VisualStudioVersion = 16.0.30711.63
MinimumVisualStudioVersion = 10.0.40219.1
Project("{FAE04EC0-301F-11D3-BF4B-00C04F79EFBC}") = "Euler project 1", "Euler project 1\Euler project 1.csproj", "{874E9984-FD7C-4637-92F3-04ED95ADF08B}"
EndProject
Global
	GlobalSection(SolutionConfigurationPlatforms) = preSolution
		Debug|Any CPU = Debug|Any CPU
		Release|Any CPU = Release|Any CPU
	EndGlobalSection
	GlobalSection(ProjectConfigurationPlatforms) = postSolution
		{874E9984-FD7C-4637-92F3-04ED95ADF08B}.Debug|Any CPU.ActiveCfg = Debug|Any CPU
		{874E9984-FD7C-4637-92F3-04ED95ADF08B}.Debug|Any CPU.Build.0 = Debug|Any CPU
		{874E9984-FD7C-4637-92F3-04ED95ADF08B}.Release|Any CPU.ActiveCfg = Release|Any CPU
		{874E9984-FD7C-4637-92F3-04ED95ADF08B}.Release|Any CPU.Build.0 = Release|Any CPU
	EndGlobalSection
	GlobalSection(SolutionProperties) = preSolution
		HideSolutionNode = FALSE
	EndGlobalSection
	GlobalSection(ExtensibilityGlobals) = postSolution
		SolutionGuid = {92F63587-C7E2-4BBA-82D0-0B129A7D66A3}
	EndGlobalSection
EndGlobal
